# This file is autogenerated, do not edit; changes may be undone by the next 'dep ensure'.


[[projects]]
  branch = "master"
  name = "github.com/atotto/clipboard"
  packages = ["."]
  revision = "5e2c7bddca04488284428a201e4a15615f7a5074"

[[projects]]
  branch = "master"
  name = "github.com/peterhellberg/giphy"
  packages = ["."]
  revision = "091ba7d7516de5d780c612658d3e31f12e2c6bac"

[solve-meta]
  analyzer-name = "dep"
  analyzer-version = 1
  inputs-digest = "a811c60e3ec768924f9693912af6c3c644d0011568a1a8285339a4b7456f5206"
  solver-name = "gps-cdcl"
  solver-version = 1
